
Microsoft Visual Studio Solution File, Format Version 12.00
# Visual Studio Version 16
VisualStudioVersion = 16.0.34301.259
MinimumVisualStudioVersion = 10.0.40219.1
Project("{8BC9CEB8-8B4A-11D0-8D11-00A0C91BC942}") = "diffrender_tutorials", "diffrender_tutorials\diffrender_tutorials.vcxproj", "{E9291500-6270-4018-92F7-1538D063382C}"
EndProject
Global
	GlobalSection(SolutionConfigurationPlatforms) = preSolution
		Debug|x64 = Debug|x64
		Debug|x86 = Debug|x86
		Release|x64 = Release|x64
		Release|x86 = Release|x86
	EndGlobalSection
	GlobalSection(ProjectConfigurationPlatforms) = postSolution
		{E9291500-6270-4018-92F7-1538D063382C}.Debug|x64.ActiveCfg = Debug|x64
		{E9291500-6270-4018-92F7-1538D063382C}.Debug|x64.Build.0 = Debug|x64
		{E9291500-6270-4018-92F7-1538D063382C}.Debug|x86.ActiveCfg = Debug|Win32
		{E9291500-6270-4018-92F7-1538D063382C}.Debug|x86.Build.0 = Debug|Win32
		{E9291500-6270-4018-92F7-1538D063382C}.Release|x64.ActiveCfg = Release|x64
		{E9291500-6270-4018-92F7-1538D063382C}.Release|x64.Build.0 = Release|x64
		{E9291500-6270-4018-92F7-1538D063382C}.Release|x86.ActiveCfg = Release|Win32
		{E9291500-6270-4018-92F7-1538D063382C}.Release|x86.Build.0 = Release|Win32
	EndGlobalSection
	GlobalSection(SolutionProperties) = preSolution
		HideSolutionNode = FALSE
	EndGlobalSection
	GlobalSection(ExtensibilityGlobals) = postSolution
		SolutionGuid = {150927C9-436A-4476-82BB-DBBE6D93EE36}
	EndGlobalSection
EndGlobal
